// !$*UTF8*$!
{
	archiveVersion = 1;
	classes = {
	};
	objectVersion = 48;
	objects = {

/* Begin PBXBuildFile section */
		1501A41C20511690007715E8 /* SDImageCache.m in Sources */ = {isa = PBXBuildFile; fileRef = 1501A3FB2051168C007715E8 /* SDImageCache.m */; };
		1501A41D20511690007715E8 /* UIImage+MultiFormat.m in Sources */ = {isa = PBXBuildFile; fileRef = 1501A3FD2051168C007715E8 /* UIImage+MultiFormat.m */; };
		1501A41E20511690007715E8 /* UIImage+GIF.m in Sources */ = {isa = PBXBuildFile; fileRef = 1501A3FE2051168D007715E8 /* UIImage+GIF.m */; };
		1501A41F20511690007715E8 /* SDWebImageCompat.m in Sources */ = {isa = PBXBuildFile; fileRef = 1501A4022051168D007715E8 /* SDWebImageCompat.m */; };
		1501A42020511690007715E8 /* UIImageView+HighlightedWebCache.m in Sources */ = {isa = PBXBuildFile; fileRef = 1501A4032051168D007715E8 /* UIImageView+HighlightedWebCache.m */; };
		1501A42120511690007715E8 /* UIView+WebCacheOperation.m in Sources */ = {isa = PBXBuildFile; fileRef = 1501A4082051168E007715E8 /* UIView+WebCacheOperation.m */; };
		1501A42220511690007715E8 /* NSData+ImageContentType.m in Sources */ = {isa = PBXBuildFile; fileRef = 1501A40B2051168E007715E8 /* NSData+ImageContentType.m */; };
		1501A42320511690007715E8 /* UIImageView+WebCache.m in Sources */ = {isa = PBXBuildFile; fileRef = 1501A40C2051168E007715E8 /* UIImageView+WebCache.m */; };
		1501A42420511690007715E8 /* MKAnnotationView+WebCache.m in Sources */ = {isa = PBXBuildFile; fileRef = 1501A40E2051168E007715E8 /* MKAnnotationView+WebCache.m */; };
		1501A42520511690007715E8 /* SDWebImageDownloaderOperation.m in Sources */ = {isa = PBXBuildFile; fileRef = 1501A4112051168F007715E8 /* SDWebImageDownloaderOperation.m */; };
		1501A42620511690007715E8 /* SDWebImageManager.m in Sources */ = {isa = PBXBuildFile; fileRef = 1501A4142051168F007715E8 /* SDWebImageManager.m */; };
		1501A42720511690007715E8 /* SDWebImagePrefetcher.m in Sources */ = {isa = PBXBuildFile; fileRef = 1501A4152051168F007715E8 /* SDWebImagePrefetcher.m */; };
		1501A42820511690007715E8 /* SDWebImageDecoder.m in Sources */ = {isa = PBXBuildFile; fileRef = 1501A41720511690007715E8 /* SDWebImageDecoder.m */; };
		1501A42920511690007715E8 /* UIButton+WebCache.m in Sources */ = {isa = PBXBuildFile; fileRef = 1501A41820511690007715E8 /* UIButton+WebCache.m */; };
		1501A42A20511690007715E8 /* UIImage+WebP.m in Sources */ = {isa = PBXBuildFile; fileRef = 1501A41920511690007715E8 /* UIImage+WebP.m */; };
		1501A42B20511690007715E8 /* SDWebImageDownloader.m in Sources */ = {isa = PBXBuildFile; fileRef = 1501A41B20511690007715E8 /* SDWebImageDownloader.m */; };
		15F5BEB7204FE89D008DB266 /* KFKeychain.m in Sources */ = {isa = PBXBuildFile; fileRef = 15F5BEB6204FE89D008DB266 /* KFKeychain.m */; };
		15F5BEBC204FEE20008DB266 /* KeychainItemWrapper.m in Sources */ = {isa = PBXBuildFile; fileRef = 15F5BEB9204FEE20008DB266 /* KeychainItemWrapper.m */; settings = {COMPILER_FLAGS = "-fno-objc-arc"; }; };
		15F5BEBD204FEE20008DB266 /* VendorID.m in Sources */ = {isa = PBXBuildFile; fileRef = 15F5BEBB204FEE20008DB266 /* VendorID.m */; settings = {COMPILER_FLAGS = "-fno-objc-arc"; }; };
		1802142F203BEB1F00E909E7 /* ConfirmRegistrationViewController.m in Sources */ = {isa = PBXBuildFile; fileRef = 1802142E203BEB1F00E909E7 /* ConfirmRegistrationViewController.m */; };
		18021432203C46F100E909E7 /* CategoryListingTableViewCell.m in Sources */ = {isa = PBXBuildFile; fileRef = 18021431203C46F100E909E7 /* CategoryListingTableViewCell.m */; };
		1802D4BC203D6E420025DF8F /* EditProfileViewController.m in Sources */ = {isa = PBXBuildFile; fileRef = 1802D4BB203D6E420025DF8F /* EditProfileViewController.m */; };
		181D9BE320354AAF008A78F2 /* ResetPasswordViewController.m in Sources */ = {isa = PBXBuildFile; fileRef = 181D9BE220354AAF008A78F2 /* ResetPasswordViewController.m */; };
		1869F47C202982E60031FB48 /* AppDelegate.m in Sources */ = {isa = PBXBuildFile; fileRef = 1869F47B202982E60031FB48 /* AppDelegate.m */; };
		1869F47F202982E60031FB48 /* ViewController.m in Sources */ = {isa = PBXBuildFile; fileRef = 1869F47E202982E60031FB48 /* ViewController.m */; };
		1869F482202982E60031FB48 /* Main.storyboard in Resources */ = {isa = PBXBuildFile; fileRef = 1869F480202982E60031FB48 /* Main.storyboard */; };
		1869F484202982E60031FB48 /* Assets.xcassets in Resources */ = {isa = PBXBuildFile; fileRef = 1869F483202982E60031FB48 /* Assets.xcassets */; };
		1869F487202982E60031FB48 /* LaunchScreen.storyboard in Resources */ = {isa = PBXBuildFile; fileRef = 1869F485202982E60031FB48 /* LaunchScreen.storyboard */; };
		1869F48A202982E60031FB48 /* main.m in Sources */ = {isa = PBXBuildFile; fileRef = 1869F489202982E60031FB48 /* main.m */; };
		1869F494202982E60031FB48 /* Divine2LogicTests.m in Sources */ = {isa = PBXBuildFile; fileRef = 1869F493202982E60031FB48 /* Divine2LogicTests.m */; };
		1869F49F202982E60031FB48 /* Divine2LogicUITests.m in Sources */ = {isa = PBXBuildFile; fileRef = 1869F49E202982E60031FB48 /* Divine2LogicUITests.m */; };
		1869F4B320298D5B0031FB48 /* LoginViewController.m in Sources */ = {isa = PBXBuildFile; fileRef = 1869F4B220298D5B0031FB48 /* LoginViewController.m */; };
		1869F4C22029C64A0031FB48 /* ForgotPasswordViewController.m in Sources */ = {isa = PBXBuildFile; fileRef = 1869F4C12029C64A0031FB48 /* ForgotPasswordViewController.m */; };
		1869F4C52029C6610031FB48 /* RegistrationViewController.m in Sources */ = {isa = PBXBuildFile; fileRef = 1869F4C42029C6610031FB48 /* RegistrationViewController.m */; };
		18F00286202C49A000FABCC4 /* DashboardViewController.m in Sources */ = {isa = PBXBuildFile; fileRef = 18F00285202C49A000FABCC4 /* DashboardViewController.m */; };
		18F0028D202C4ECA00FABCC4 /* ProfileViewController.m in Sources */ = {isa = PBXBuildFile; fileRef = 18F0028C202C4ECA00FABCC4 /* ProfileViewController.m */; };
		18F00291202C6BFC00FABCC4 /* CartViewController.m in Sources */ = {isa = PBXBuildFile; fileRef = 18F00290202C6BFC00FABCC4 /* CartViewController.m */; };
		18F151D8203166860012F585 /* ProfileTableViewCell.m in Sources */ = {isa = PBXBuildFile; fileRef = 18F151D7203166860012F585 /* ProfileTableViewCell.m */; };
		18F301C7202D72EE00A96C68 /* ASIDataCompressor.m in Sources */ = {isa = PBXBuildFile; fileRef = 18F301B1202D72EE00A96C68 /* ASIDataCompressor.m */; settings = {COMPILER_FLAGS = "-fno-objc-arc"; }; };
		18F301C8202D72EE00A96C68 /* Reachability.m in Sources */ = {isa = PBXBuildFile; fileRef = 18F301B2202D72EE00A96C68 /* Reachability.m */; settings = {COMPILER_FLAGS = "-fno-objc-arc"; }; };
		18F301C9202D72EE00A96C68 /* ASIHTTPRequest.m in Sources */ = {isa = PBXBuildFile; fileRef = 18F301B3202D72EE00A96C68 /* ASIHTTPRequest.m */; settings = {COMPILER_FLAGS = "-fno-objc-arc"; }; };
		18F301CA202D72EE00A96C68 /* ASIFormDataRequest.m in Sources */ = {isa = PBXBuildFile; fileRef = 18F301B6202D72EE00A96C68 /* ASIFormDataRequest.m */; settings = {COMPILER_FLAGS = "-fno-objc-arc"; }; };
		18F301CB202D72EE00A96C68 /* ASIDataDecompressor.m in Sources */ = {isa = PBXBuildFile; fileRef = 18F301B8202D72EE00A96C68 /* ASIDataDecompressor.m */; settings = {COMPILER_FLAGS = "-fno-objc-arc"; }; };
		18F301CC202D72EE00A96C68 /* ASIAuthenticationDialog.m in Sources */ = {isa = PBXBuildFile; fileRef = 18F301B9202D72EE00A96C68 /* ASIAuthenticationDialog.m */; settings = {COMPILER_FLAGS = "-fno-objc-arc"; }; };
		18F301CD202D72EE00A96C68 /* ASIInputStream.m in Sources */ = {isa = PBXBuildFile; fileRef = 18F301BA202D72EE00A96C68 /* ASIInputStream.m */; settings = {COMPILER_FLAGS = "-fno-objc-arc"; }; };
		18F301CE202D72EE00A96C68 /* ASINetworkQueue.m in Sources */ = {isa = PBXBuildFile; fileRef = 18F301C2202D72EE00A96C68 /* ASINetworkQueue.m */; settings = {COMPILER_FLAGS = "-fno-objc-arc"; }; };
		18F301CF202D72EE00A96C68 /* ASIDownloadCache.m in Sources */ = {isa = PBXBuildFile; fileRef = 18F301C4202D72EE00A96C68 /* ASIDownloadCache.m */; settings = {COMPILER_FLAGS = "-fno-objc-arc"; }; };
		18F301D7202D731D00A96C68 /* GlobalStore.m in Sources */ = {isa = PBXBuildFile; fileRef = 18F301D1202D731C00A96C68 /* GlobalStore.m */; };
		18F301D8202D731D00A96C68 /* MMCommon.m in Sources */ = {isa = PBXBuildFile; fileRef = 18F301D4202D731C00A96C68 /* MMCommon.m */; };
		18FE4096204032A0003EE3E6 /* CustomButton.m in Sources */ = {isa = PBXBuildFile; fileRef = 18FE4095204032A0003EE3E6 /* CustomButton.m */; };
/* End PBXBuildFile section */

/* Begin PBXContainerItemProxy section */
		1869F490202982E60031FB48 /* PBXContainerItemProxy */ = {
			isa = PBXContainerItemProxy;
			containerPortal = 1869F46F202982E60031FB48 /* Project object */;
			proxyType = 1;
			remoteGlobalIDString = 1869F476202982E60031FB48;
			remoteInfo = Divine2Logic;
		};
		1869F49B202982E60031FB48 /* PBXContainerItemProxy */ = {
			isa = PBXContainerItemProxy;
			containerPortal = 1869F46F202982E60031FB48 /* Project object */;
			proxyType = 1;
			remoteGlobalIDString = 1869F476202982E60031FB48;
			remoteInfo = Divine2Logic;
		};
/* End PBXContainerItemProxy section */

/* Begin PBXFileReference section */
		1501A3FB2051168C007715E8 /* SDImageCache.m */ = {isa = PBXFileReference; fileEncoding = 4; lastKnownFileType = sourcecode.c.objc; path = SDImageCache.m; sourceTree = "<group>"; };
		1501A3FC2051168C007715E8 /* UIImage+GIF.h */ = {isa = PBXFileReference; fileEncoding = 4; lastKnownFileType = sourcecode.c.h; path = "UIImage+GIF.h"; sourceTree = "<group>"; };
		1501A3FD2051168C007715E8 /* UIImage+MultiFormat.m */ = {isa = PBXFileReference; fileEncoding = 4; lastKnownFileType = sourcecode.c.objc; path = "UIImage+MultiFormat.m"; sourceTree = "<group>"; };
		1501A3FE2051168D007715E8 /* UIImage+GIF.m */ = {isa = PBXFileReference; fileEncoding = 4; lastKnownFileType = sourcecode.c.objc; path = "UIImage+GIF.m"; sourceTree = "<group>"; };
		1501A3FF2051168D007715E8 /* SDWebImageOperation.h */ = {isa = PBXFileReference; fileEncoding = 4; lastKnownFileType = sourcecode.c.h; path = SDWebImageOperation.h; sourceTree = "<group>"; };
		1501A4002051168D007715E8 /* UIView+WebCacheOperation.h */ = {isa = PBXFileReference; fileEncoding = 4; lastKnownFileType = sourcecode.c.h; path = "UIView+WebCacheOperation.h"; sourceTree = "<group>"; };
		1501A4012051168D007715E8 /* MKAnnotationView+WebCache.h */ = {isa = PBXFileReference; fileEncoding = 4; lastKnownFileType = sourcecode.c.h; path = "MKAnnotationView+WebCache.h"; sourceTree = "<group>"; };
		1501A4022051168D007715E8 /* SDWebImageCompat.m */ = {isa = PBXFileReference; fileEncoding = 4; lastKnownFileType = sourcecode.c.objc; path = SDWebImageCompat.m; sourceTree = "<group>"; };
		1501A4032051168D007715E8 /* UIImageView+HighlightedWebCache.m */ = {isa = PBXFileReference; fileEncoding = 4; lastKnownFileType = sourcecode.c.objc; path = "UIImageView+HighlightedWebCache.m"; sourceTree = "<group>"; };
		1501A4042051168D007715E8 /* NSData+ImageContentType.h */ = {isa = PBXFileReference; fileEncoding = 4; lastKnownFileType = sourcecode.c.h; path = "NSData+ImageContentType.h"; sourceTree = "<group>"; };
		1501A4052051168D007715E8 /* UIImage+WebP.h */ = {isa = PBXFileReference; fileEncoding = 4; lastKnownFileType = sourcecode.c.h; path = "UIImage+WebP.h"; sourceTree = "<group>"; };
		1501A4062051168D007715E8 /* UIImageView+HighlightedWebCache.h */ = {isa = PBXFileReference; fileEncoding = 4; lastKnownFileType = sourcecode.c.h; path = "UIImageView+HighlightedWebCache.h"; sourceTree = "<group>"; };
		1501A4072051168D007715E8 /* SDWebImageDownloader.h */ = {isa = PBXFileReference; fileEncoding = 4; lastKnownFileType = sourcecode.c.h; path = SDWebImageDownloader.h; sourceTree = "<group>"; };
		1501A4082051168E007715E8 /* UIView+WebCacheOperation.m */ = {isa = PBXFileReference; fileEncoding = 4; lastKnownFileType = sourcecode.c.objc; path = "UIView+WebCacheOperation.m"; sourceTree = "<group>"; };
		1501A4092051168E007715E8 /* SDWebImageManager.h */ = {isa = PBXFileReference; fileEncoding = 4; lastKnownFileType = sourcecode.c.h; path = SDWebImageManager.h; sourceTree = "<group>"; };
		1501A40A2051168E007715E8 /* SDWebImageDownloaderOperation.h */ = {isa = PBXFileReference; fileEncoding = 4; lastKnownFileType = sourcecode.c.h; path = SDWebImageDownloaderOperation.h; sourceTree = "<group>"; };
		1501A40B2051168E007715E8 /* NSData+ImageContentType.m */ = {isa = PBXFileReference; fileEncoding = 4; lastKnownFileType = sourcecode.c.objc; path = "NSData+ImageContentType.m"; sourceTree = "<group>"; };
		1501A40C2051168E007715E8 /* UIImageView+WebCache.m */ = {isa = PBXFileReference; fileEncoding = 4; lastKnownFileType = sourcecode.c.objc; path = "UIImageView+WebCache.m"; sourceTree = "<group>"; };
		1501A40D2051168E007715E8 /* SDImageCache.h */ = {isa = PBXFileReference; fileEncoding = 4; lastKnownFileType = sourcecode.c.h; path = SDImageCache.h; sourceTree = "<group>"; };
		1501A40E2051168E007715E8 /* MKAnnotationView+WebCache.m */ = {isa = PBXFileReference; fileEncoding = 4; lastKnownFileType = sourcecode.c.objc; path = "MKAnnotationView+WebCache.m"; sourceTree = "<group>"; };
		1501A40F2051168F007715E8 /* SDWebImageCompat.h */ = {isa = PBXFileReference; fileEncoding = 4; lastKnownFileType = sourcecode.c.h; path = SDWebImageCompat.h; sourceTree = "<group>"; };
		1501A4102051168F007715E8 /* SDWebImagePrefetcher.h */ = {isa = PBXFileReference; fileEncoding = 4; lastKnownFileType = sourcecode.c.h; path = SDWebImagePrefetcher.h; sourceTree = "<group>"; };
		1501A4112051168F007715E8 /* SDWebImageDownloaderOperation.m */ = {isa = PBXFileReference; fileEncoding = 4; lastKnownFileType = sourcecode.c.objc; path = SDWebImageDownloaderOperation.m; sourceTree = "<group>"; };
		1501A4122051168F007715E8 /* UIImage+MultiFormat.h */ = {isa = PBXFileReference; fileEncoding = 4; lastKnownFileType = sourcecode.c.h; path = "UIImage+MultiFormat.h"; sourceTree = "<group>"; };
		1501A4132051168F007715E8 /* UIButton+WebCache.h */ = {isa = PBXFileReference; fileEncoding = 4; lastKnownFileType = sourcecode.c.h; path = "UIButton+WebCache.h"; sourceTree = "<group>"; };
		1501A4142051168F007715E8 /* SDWebImageManager.m */ = {isa = PBXFileReference; fileEncoding = 4; lastKnownFileType = sourcecode.c.objc; path = SDWebImageManager.m; sourceTree = "<group>"; };
		1501A4152051168F007715E8 /* SDWebImagePrefetcher.m */ = {isa = PBXFileReference; fileEncoding = 4; lastKnownFileType = sourcecode.c.objc; path = SDWebImagePrefetcher.m; sourceTree = "<group>"; };
		1501A4162051168F007715E8 /* SDWebImageDecoder.h */ = {isa = PBXFileReference; fileEncoding = 4; lastKnownFileType = sourcecode.c.h; path = SDWebImageDecoder.h; sourceTree = "<group>"; };
		1501A41720511690007715E8 /* SDWebImageDecoder.m */ = {isa = PBXFileReference; fileEncoding = 4; lastKnownFileType = sourcecode.c.objc; path = SDWebImageDecoder.m; sourceTree = "<group>"; };
		1501A41820511690007715E8 /* UIButton+WebCache.m */ = {isa = PBXFileReference; fileEncoding = 4; lastKnownFileType = sourcecode.c.objc; path = "UIButton+WebCache.m"; sourceTree = "<group>"; };
		1501A41920511690007715E8 /* UIImage+WebP.m */ = {isa = PBXFileReference; fileEncoding = 4; lastKnownFileType = sourcecode.c.objc; path = "UIImage+WebP.m"; sourceTree = "<group>"; };
		1501A41A20511690007715E8 /* UIImageView+WebCache.h */ = {isa = PBXFileReference; fileEncoding = 4; lastKnownFileType = sourcecode.c.h; path = "UIImageView+WebCache.h"; sourceTree = "<group>"; };
		1501A41B20511690007715E8 /* SDWebImageDownloader.m */ = {isa = PBXFileReference; fileEncoding = 4; lastKnownFileType = sourcecode.c.objc; path = SDWebImageDownloader.m; sourceTree = "<group>"; };
		15F5BEB5204FE89C008DB266 /* KFKeychain.h */ = {isa = PBXFileReference; fileEncoding = 4; lastKnownFileType = sourcecode.c.h; path = KFKeychain.h; sourceTree = "<group>"; };
		15F5BEB6204FE89D008DB266 /* KFKeychain.m */ = {isa = PBXFileReference; fileEncoding = 4; lastKnownFileType = sourcecode.c.objc; path = KFKeychain.m; sourceTree = "<group>"; };
		15F5BEB8204FEE1F008DB266 /* KeychainItemWrapper.h */ = {isa = PBXFileReference; fileEncoding = 4; lastKnownFileType = sourcecode.c.h; path = KeychainItemWrapper.h; sourceTree = "<group>"; };
		15F5BEB9204FEE20008DB266 /* KeychainItemWrapper.m */ = {isa = PBXFileReference; fileEncoding = 4; lastKnownFileType = sourcecode.c.objc; path = KeychainItemWrapper.m; sourceTree = "<group>"; };
		15F5BEBA204FEE20008DB266 /* VendorID.h */ = {isa = PBXFileReference; fileEncoding = 4; lastKnownFileType = sourcecode.c.h; path = VendorID.h; sourceTree = "<group>"; };
		15F5BEBB204FEE20008DB266 /* VendorID.m */ = {isa = PBXFileReference; fileEncoding = 4; lastKnownFileType = sourcecode.c.objc; path = VendorID.m; sourceTree = "<group>"; };
		1802142D203BEB1F00E909E7 /* ConfirmRegistrationViewController.h */ = {isa = PBXFileReference; lastKnownFileType = sourcecode.c.h; path = ConfirmRegistrationViewController.h; sourceTree = "<group>"; };
		1802142E203BEB1F00E909E7 /* ConfirmRegistrationViewController.m */ = {isa = PBXFileReference; lastKnownFileType = sourcecode.c.objc; path = ConfirmRegistrationViewController.m; sourceTree = "<group>"; };
		18021430203C46F100E909E7 /* CategoryListingTableViewCell.h */ = {isa = PBXFileReference; lastKnownFileType = sourcecode.c.h; path = CategoryListingTableViewCell.h; sourceTree = "<group>"; };
		18021431203C46F100E909E7 /* CategoryListingTableViewCell.m */ = {isa = PBXFileReference; lastKnownFileType = sourcecode.c.objc; path = CategoryListingTableViewCell.m; sourceTree = "<group>"; };
		1802D4BA203D6E420025DF8F /* EditProfileViewController.h */ = {isa = PBXFileReference; lastKnownFileType = sourcecode.c.h; path = EditProfileViewController.h; sourceTree = "<group>"; };
		1802D4BB203D6E420025DF8F /* EditProfileViewController.m */ = {isa = PBXFileReference; lastKnownFileType = sourcecode.c.objc; path = EditProfileViewController.m; sourceTree = "<group>"; };
		181D9BE120354AAF008A78F2 /* ResetPasswordViewController.h */ = {isa = PBXFileReference; lastKnownFileType = sourcecode.c.h; path = ResetPasswordViewController.h; sourceTree = "<group>"; };
		181D9BE220354AAF008A78F2 /* ResetPasswordViewController.m */ = {isa = PBXFileReference; lastKnownFileType = sourcecode.c.objc; path = ResetPasswordViewController.m; sourceTree = "<group>"; };
		1869F477202982E60031FB48 /* Divine2Logic.app */ = {isa = PBXFileReference; explicitFileType = wrapper.application; includeInIndex = 0; path = Divine2Logic.app; sourceTree = BUILT_PRODUCTS_DIR; };
		1869F47A202982E60031FB48 /* AppDelegate.h */ = {isa = PBXFileReference; lastKnownFileType = sourcecode.c.h; path = AppDelegate.h; sourceTree = "<group>"; };
		1869F47B202982E60031FB48 /* AppDelegate.m */ = {isa = PBXFileReference; lastKnownFileType = sourcecode.c.objc; path = AppDelegate.m; sourceTree = "<group>"; };
		1869F47D202982E60031FB48 /* ViewController.h */ = {isa = PBXFileReference; lastKnownFileType = sourcecode.c.h; path = ViewController.h; sourceTree = "<group>"; };
		1869F47E202982E60031FB48 /* ViewController.m */ = {isa = PBXFileReference; lastKnownFileType = sourcecode.c.objc; path = ViewController.m; sourceTree = "<group>"; };
		1869F481202982E60031FB48 /* Base */ = {isa = PBXFileReference; lastKnownFileType = file.storyboard; name = Base; path = Base.lproj/Main.storyboard; sourceTree = "<group>"; };
		1869F483202982E60031FB48 /* Assets.xcassets */ = {isa = PBXFileReference; lastKnownFileType = folder.assetcatalog; path = Assets.xcassets; sourceTree = "<group>"; };
		1869F486202982E60031FB48 /* Base */ = {isa = PBXFileReference; lastKnownFileType = file.storyboard; name = Base; path = Base.lproj/LaunchScreen.storyboard; sourceTree = "<group>"; };
		1869F488202982E60031FB48 /* Info.plist */ = {isa = PBXFileReference; lastKnownFileType = text.plist.xml; path = Info.plist; sourceTree = "<group>"; };
		1869F489202982E60031FB48 /* main.m */ = {isa = PBXFileReference; lastKnownFileType = sourcecode.c.objc; path = main.m; sourceTree = "<group>"; };
		1869F48F202982E60031FB48 /* Divine2LogicTests.xctest */ = {isa = PBXFileReference; explicitFileType = wrapper.cfbundle; includeInIndex = 0; path = Divine2LogicTests.xctest; sourceTree = BUILT_PRODUCTS_DIR; };
		1869F493202982E60031FB48 /* Divine2LogicTests.m */ = {isa = PBXFileReference; lastKnownFileType = sourcecode.c.objc; path = Divine2LogicTests.m; sourceTree = "<group>"; };
		1869F495202982E60031FB48 /* Info.plist */ = {isa = PBXFileReference; lastKnownFileType = text.plist.xml; path = Info.plist; sourceTree = "<group>"; };
		1869F49A202982E60031FB48 /* Divine2LogicUITests.xctest */ = {isa = PBXFileReference; explicitFileType = wrapper.cfbundle; includeInIndex = 0; path = Divine2LogicUITests.xctest; sourceTree = BUILT_PRODUCTS_DIR; };
		1869F49E202982E60031FB48 /* Divine2LogicUITests.m */ = {isa = PBXFileReference; lastKnownFileType = sourcecode.c.objc; path = Divine2LogicUITests.m; sourceTree = "<group>"; };
		1869F4A0202982E60031FB48 /* Info.plist */ = {isa = PBXFileReference; lastKnownFileType = text.plist.xml; path = Info.plist; sourceTree = "<group>"; };
		1869F4B120298D5B0031FB48 /* LoginViewController.h */ = {isa = PBXFileReference; lastKnownFileType = sourcecode.c.h; path = LoginViewController.h; sourceTree = "<group>"; };
		1869F4B220298D5B0031FB48 /* LoginViewController.m */ = {isa = PBXFileReference; lastKnownFileType = sourcecode.c.objc; path = LoginViewController.m; sourceTree = "<group>"; };
		1869F4C02029C64A0031FB48 /* ForgotPasswordViewController.h */ = {isa = PBXFileReference; lastKnownFileType = sourcecode.c.h; path = ForgotPasswordViewController.h; sourceTree = "<group>"; };
		1869F4C12029C64A0031FB48 /* ForgotPasswordViewController.m */ = {isa = PBXFileReference; lastKnownFileType = sourcecode.c.objc; path = ForgotPasswordViewController.m; sourceTree = "<group>"; };
		1869F4C32029C6610031FB48 /* RegistrationViewController.h */ = {isa = PBXFileReference; lastKnownFileType = sourcecode.c.h; path = RegistrationViewController.h; sourceTree = "<group>"; };
		1869F4C42029C6610031FB48 /* RegistrationViewController.m */ = {isa = PBXFileReference; lastKnownFileType = sourcecode.c.objc; path = RegistrationViewController.m; sourceTree = "<group>"; };
		18F00284202C49A000FABCC4 /* DashboardViewController.h */ = {isa = PBXFileReference; lastKnownFileType = sourcecode.c.h; path = DashboardViewController.h; sourceTree = "<group>"; };
		18F00285202C49A000FABCC4 /* DashboardViewController.m */ = {isa = PBXFileReference; lastKnownFileType = sourcecode.c.objc; path = DashboardViewController.m; sourceTree = "<group>"; };
		18F0028B202C4ECA00FABCC4 /* ProfileViewController.h */ = {isa = PBXFileReference; lastKnownFileType = sourcecode.c.h; path = ProfileViewController.h; sourceTree = "<group>"; };
		18F0028C202C4ECA00FABCC4 /* ProfileViewController.m */ = {isa = PBXFileReference; lastKnownFileType = sourcecode.c.objc; path = ProfileViewController.m; sourceTree = "<group>"; };
		18F0028F202C6BFC00FABCC4 /* CartViewController.h */ = {isa = PBXFileReference; lastKnownFileType = sourcecode.c.h; path = CartViewController.h; sourceTree = "<group>"; };
		18F00290202C6BFC00FABCC4 /* CartViewController.m */ = {isa = PBXFileReference; lastKnownFileType = sourcecode.c.objc; path = CartViewController.m; sourceTree = "<group>"; };
		18F151D6203166860012F585 /* ProfileTableViewCell.h */ = {isa = PBXFileReference; lastKnownFileType = sourcecode.c.h; path = ProfileTableViewCell.h; sourceTree = "<group>"; };
		18F151D7203166860012F585 /* ProfileTableViewCell.m */ = {isa = PBXFileReference; lastKnownFileType = sourcecode.c.objc; path = ProfileTableViewCell.m; sourceTree = "<group>"; };
		18F301B1202D72EE00A96C68 /* ASIDataCompressor.m */ = {isa = PBXFileReference; fileEncoding = 4; lastKnownFileType = sourcecode.c.objc; path = ASIDataCompressor.m; sourceTree = "<group>"; };
		18F301B2202D72EE00A96C68 /* Reachability.m */ = {isa = PBXFileReference; fileEncoding = 4; lastKnownFileType = sourcecode.c.objc; path = Reachability.m; sourceTree = "<group>"; };
		18F301B3202D72EE00A96C68 /* ASIHTTPRequest.m */ = {isa = PBXFileReference; fileEncoding = 4; lastKnownFileType = sourcecode.c.objc; path = ASIHTTPRequest.m; sourceTree = "<group>"; };
		18F301B4202D72EE00A96C68 /* ASIHTTPRequestDelegate.h */ = {isa = PBXFileReference; fileEncoding = 4; lastKnownFileType = sourcecode.c.h; path = ASIHTTPRequestDelegate.h; sourceTree = "<group>"; };
		18F301B5202D72EE00A96C68 /* ASINetworkQueue.h */ = {isa = PBXFileReference; fileEncoding = 4; lastKnownFileType = sourcecode.c.h; path = ASINetworkQueue.h; sourceTree = "<group>"; };
		18F301B6202D72EE00A96C68 /* ASIFormDataRequest.m */ = {isa = PBXFileReference; fileEncoding = 4; lastKnownFileType = sourcecode.c.objc; path = ASIFormDataRequest.m; sourceTree = "<group>"; };
		18F301B7202D72EE00A96C68 /* ASIHTTPRequestConfig.h */ = {isa = PBXFileReference; fileEncoding = 4; lastKnownFileType = sourcecode.c.h; path = ASIHTTPRequestConfig.h; sourceTree = "<group>"; };
		18F301B8202D72EE00A96C68 /* ASIDataDecompressor.m */ = {isa = PBXFileReference; fileEncoding = 4; lastKnownFileType = sourcecode.c.objc; path = ASIDataDecompressor.m; sourceTree = "<group>"; };
		18F301B9202D72EE00A96C68 /* ASIAuthenticationDialog.m */ = {isa = PBXFileReference; fileEncoding = 4; lastKnownFileType = sourcecode.c.objc; path = ASIAuthenticationDialog.m; sourceTree = "<group>"; };
		18F301BA202D72EE00A96C68 /* ASIInputStream.m */ = {isa = PBXFileReference; fileEncoding = 4; lastKnownFileType = sourcecode.c.objc; path = ASIInputStream.m; sourceTree = "<group>"; };
		18F301BB202D72EE00A96C68 /* ASIDownloadCache.h */ = {isa = PBXFileReference; fileEncoding = 4; lastKnownFileType = sourcecode.c.h; path = ASIDownloadCache.h; sourceTree = "<group>"; };
		18F301BC202D72EE00A96C68 /* ASIHTTPRequest.h */ = {isa = PBXFileReference; fileEncoding = 4; lastKnownFileType = sourcecode.c.h; path = ASIHTTPRequest.h; sourceTree = "<group>"; };
		18F301BD202D72EE00A96C68 /* ASICacheDelegate.h */ = {isa = PBXFileReference; fileEncoding = 4; lastKnownFileType = sourcecode.c.h; path = ASICacheDelegate.h; sourceTree = "<group>"; };
		18F301BE202D72EE00A96C68 /* Reachability.h */ = {isa = PBXFileReference; fileEncoding = 4; lastKnownFileType = sourcecode.c.h; path = Reachability.h; sourceTree = "<group>"; };
		18F301BF202D72EE00A96C68 /* ASIDataCompressor.h */ = {isa = PBXFileReference; fileEncoding = 4; lastKnownFileType = sourcecode.c.h; path = ASIDataCompressor.h; sourceTree = "<group>"; };
		18F301C0202D72EE00A96C68 /* ASIProgressDelegate.h */ = {isa = PBXFileReference; fileEncoding = 4; lastKnownFileType = sourcecode.c.h; path = ASIProgressDelegate.h; sourceTree = "<group>"; };
		18F301C1202D72EE00A96C68 /* ASIFormDataRequest.h */ = {isa = PBXFileReference; fileEncoding = 4; lastKnownFileType = sourcecode.c.h; path = ASIFormDataRequest.h; sourceTree = "<group>"; };
		18F301C2202D72EE00A96C68 /* ASINetworkQueue.m */ = {isa = PBXFileReference; fileEncoding = 4; lastKnownFileType = sourcecode.c.objc; path = ASINetworkQueue.m; sourceTree = "<group>"; };
		18F301C3202D72EE00A96C68 /* ASIDataDecompressor.h */ = {isa = PBXFileReference; fileEncoding = 4; lastKnownFileType = sourcecode.c.h; path = ASIDataDecompressor.h; sourceTree = "<group>"; };
		18F301C4202D72EE00A96C68 /* ASIDownloadCache.m */ = {isa = PBXFileReference; fileEncoding = 4; lastKnownFileType = sourcecode.c.objc; path = ASIDownloadCache.m; sourceTree = "<group>"; };
		18F301C5202D72EE00A96C68 /* ASIInputStream.h */ = {isa = PBXFileReference; fileEncoding = 4; lastKnownFileType = sourcecode.c.h; path = ASIInputStream.h; sourceTree = "<group>"; };
		18F301C6202D72EE00A96C68 /* ASIAuthenticationDialog.h */ = {isa = PBXFileReference; fileEncoding = 4; lastKnownFileType = sourcecode.c.h; path = ASIAuthenticationDialog.h; sourceTree = "<group>"; };
		18F301D1202D731C00A96C68 /* GlobalStore.m */ = {isa = PBXFileReference; fileEncoding = 4; lastKnownFileType = sourcecode.c.objc; path = GlobalStore.m; sourceTree = "<group>"; };
		18F301D3202D731C00A96C68 /* MMCommon.h */ = {isa = PBXFileReference; fileEncoding = 4; lastKnownFileType = sourcecode.c.h; path = MMCommon.h; sourceTree = "<group>"; };
		18F301D4202D731C00A96C68 /* MMCommon.m */ = {isa = PBXFileReference; fileEncoding = 4; lastKnownFileType = sourcecode.c.objc; path = MMCommon.m; sourceTree = "<group>"; };
		18F301D5202D731C00A96C68 /* GlobalStore.h */ = {isa = PBXFileReference; fileEncoding = 4; lastKnownFileType = sourcecode.c.h; path = GlobalStore.h; sourceTree = "<group>"; };
		18FE4094204032A0003EE3E6 /* CustomButton.h */ = {isa = PBXFileReference; lastKnownFileType = sourcecode.c.h; path = CustomButton.h; sourceTree = "<group>"; };
		18FE4095204032A0003EE3E6 /* CustomButton.m */ = {isa = PBXFileReference; lastKnownFileType = sourcecode.c.objc; path = CustomButton.m; sourceTree = "<group>"; };
/* End PBXFileReference section */

/* Begin PBXFrameworksBuildPhase section */
		1869F474202982E60031FB48 /* Frameworks */ = {
			isa = PBXFrameworksBuildPhase;
			buildActionMask = 2147483647;
			files = (
			);
			runOnlyForDeploymentPostprocessing = 0;
		};
		1869F48C202982E60031FB48 /* Frameworks */ = {
			isa = PBXFrameworksBuildPhase;
			buildActionMask = 2147483647;
			files = (
			);
			runOnlyForDeploymentPostprocessing = 0;
		};
		1869F497202982E60031FB48 /* Frameworks */ = {
			isa = PBXFrameworksBuildPhase;
			buildActionMask = 2147483647;
			files = (
			);
			runOnlyForDeploymentPostprocessing = 0;
		};
/* End PBXFrameworksBuildPhase section */

/* Begin PBXGroup section */
		1501A3FA2051167B007715E8 /* SDWebImage */ = {
			isa = PBXGroup;
			children = (
				1501A4012051168D007715E8 /* MKAnnotationView+WebCache.h */,
				1501A40E2051168E007715E8 /* MKAnnotationView+WebCache.m */,
				1501A4042051168D007715E8 /* NSData+ImageContentType.h */,
				1501A40B2051168E007715E8 /* NSData+ImageContentType.m */,
				1501A40D2051168E007715E8 /* SDImageCache.h */,
				1501A3FB2051168C007715E8 /* SDImageCache.m */,
				1501A40F2051168F007715E8 /* SDWebImageCompat.h */,
				1501A4022051168D007715E8 /* SDWebImageCompat.m */,
				1501A4162051168F007715E8 /* SDWebImageDecoder.h */,
				1501A41720511690007715E8 /* SDWebImageDecoder.m */,
				1501A4072051168D007715E8 /* SDWebImageDownloader.h */,
				1501A41B20511690007715E8 /* SDWebImageDownloader.m */,
				1501A40A2051168E007715E8 /* SDWebImageDownloaderOperation.h */,
				1501A4112051168F007715E8 /* SDWebImageDownloaderOperation.m */,
				1501A4092051168E007715E8 /* SDWebImageManager.h */,
				1501A4142051168F007715E8 /* SDWebImageManager.m */,
				1501A3FF2051168D007715E8 /* SDWebImageOperation.h */,
				1501A4102051168F007715E8 /* SDWebImagePrefetcher.h */,
				1501A4152051168F007715E8 /* SDWebImagePrefetcher.m */,
				1501A4132051168F007715E8 /* UIButton+WebCache.h */,
				1501A41820511690007715E8 /* UIButton+WebCache.m */,
				1501A3FC2051168C007715E8 /* UIImage+GIF.h */,
				1501A3FE2051168D007715E8 /* UIImage+GIF.m */,
				1501A4122051168F007715E8 /* UIImage+MultiFormat.h */,
				1501A3FD2051168C007715E8 /* UIImage+MultiFormat.m */,
				1501A4052051168D007715E8 /* UIImage+WebP.h */,
				1501A41920511690007715E8 /* UIImage+WebP.m */,
				1501A4062051168D007715E8 /* UIImageView+HighlightedWebCache.h */,
				1501A4032051168D007715E8 /* UIImageView+HighlightedWebCache.m */,
				1501A41A20511690007715E8 /* UIImageView+WebCache.h */,
				1501A40C2051168E007715E8 /* UIImageView+WebCache.m */,
				1501A4002051168D007715E8 /* UIView+WebCacheOperation.h */,
				1501A4082051168E007715E8 /* UIView+WebCacheOperation.m */,
			);
			path = SDWebImage;
			sourceTree = "<group>";
		};
		1501A42C20513F56007715E8 /* ViewController */ = {
			isa = PBXGroup;
			children = (
				1869F47D202982E60031FB48 /* ViewController.h */,
				1869F47E202982E60031FB48 /* ViewController.m */,
				1869F4B120298D5B0031FB48 /* LoginViewController.h */,
				1869F4B220298D5B0031FB48 /* LoginViewController.m */,
				1869F4C02029C64A0031FB48 /* ForgotPasswordViewController.h */,
				1869F4C12029C64A0031FB48 /* ForgotPasswordViewController.m */,
				181D9BE120354AAF008A78F2 /* ResetPasswordViewController.h */,
				181D9BE220354AAF008A78F2 /* ResetPasswordViewController.m */,
				1869F4C32029C6610031FB48 /* RegistrationViewController.h */,
				1869F4C42029C6610031FB48 /* RegistrationViewController.m */,
				1802142D203BEB1F00E909E7 /* ConfirmRegistrationViewController.h */,
				1802142E203BEB1F00E909E7 /* ConfirmRegistrationViewController.m */,
				18F00284202C49A000FABCC4 /* DashboardViewController.h */,
				18F00285202C49A000FABCC4 /* DashboardViewController.m */,
				18F0028B202C4ECA00FABCC4 /* ProfileViewController.h */,
				18F0028C202C4ECA00FABCC4 /* ProfileViewController.m */,
				1802D4BA203D6E420025DF8F /* EditProfileViewController.h */,
				1802D4BB203D6E420025DF8F /* EditProfileViewController.m */,
				18F0028F202C6BFC00FABCC4 /* CartViewController.h */,
				18F00290202C6BFC00FABCC4 /* CartViewController.m */,
			);
			path = ViewController;
			sourceTree = "<group>";
		};
		1869F46E202982E60031FB48 = {
			isa = PBXGroup;
			children = (
				1869F479202982E60031FB48 /* Divine2Logic */,
				1869F492202982E60031FB48 /* Divine2LogicTests */,
				1869F49D202982E60031FB48 /* Divine2LogicUITests */,
				1869F478202982E60031FB48 /* Products */,
			);
			sourceTree = "<group>";
		};
		1869F478202982E60031FB48 /* Products */ = {
			isa = PBXGroup;
			children = (
				1869F477202982E60031FB48 /* Divine2Logic.app */,
				1869F48F202982E60031FB48 /* Divine2LogicTests.xctest */,
				1869F49A202982E60031FB48 /* Divine2LogicUITests.xctest */,
			);
			name = Products;
			sourceTree = "<group>";
		};
		1869F479202982E60031FB48 /* Divine2Logic */ = {
			isa = PBXGroup;
			children = (
				1869F47A202982E60031FB48 /* AppDelegate.h */,
				1869F47B202982E60031FB48 /* AppDelegate.m */,
				18F301B0202D72EE00A96C68 /* ASIHttpClasses */,
				1501A3FA2051167B007715E8 /* SDWebImage */,
				1501A42C20513F56007715E8 /* ViewController */,
				15F5BEB8204FEE1F008DB266 /* KeychainItemWrapper.h */,
				15F5BEB9204FEE20008DB266 /* KeychainItemWrapper.m */,
				15F5BEBA204FEE20008DB266 /* VendorID.h */,
				15F5BEBB204FEE20008DB266 /* VendorID.m */,
				15F5BEB5204FE89C008DB266 /* KFKeychain.h */,
				15F5BEB6204FE89D008DB266 /* KFKeychain.m */,
				18F301D5202D731C00A96C68 /* GlobalStore.h */,
				18F301D1202D731C00A96C68 /* GlobalStore.m */,
				18F301D3202D731C00A96C68 /* MMCommon.h */,
				18F301D4202D731C00A96C68 /* MMCommon.m */,
				18021430203C46F100E909E7 /* CategoryListingTableViewCell.h */,
				18021431203C46F100E909E7 /* CategoryListingTableViewCell.m */,
				18F151D6203166860012F585 /* ProfileTableViewCell.h */,
				18F151D7203166860012F585 /* ProfileTableViewCell.m */,
				18FE4094204032A0003EE3E6 /* CustomButton.h */,
				18FE4095204032A0003EE3E6 /* CustomButton.m */,
				1869F480202982E60031FB48 /* Main.storyboard */,
				1869F483202982E60031FB48 /* Assets.xcassets */,
				1869F485202982E60031FB48 /* LaunchScreen.storyboard */,
				1869F488202982E60031FB48 /* Info.plist */,
				1869F489202982E60031FB48 /* main.m */,
			);
			path = Divine2Logic;
			sourceTree = "<group>";
		};
		1869F492202982E60031FB48 /* Divine2LogicTests */ = {
			isa = PBXGroup;
			children = (
				1869F493202982E60031FB48 /* Divine2LogicTests.m */,
				1869F495202982E60031FB48 /* Info.plist */,
			);
			path = Divine2LogicTests;
			sourceTree = "<group>";
		};
		1869F49D202982E60031FB48 /* Divine2LogicUITests */ = {
			isa = PBXGroup;
			children = (
				1869F49E202982E60031FB48 /* Divine2LogicUITests.m */,
				1869F4A0202982E60031FB48 /* Info.plist */,
			);
			path = Divine2LogicUITests;
			sourceTree = "<group>";
		};
		18F301B0202D72EE00A96C68 /* ASIHttpClasses */ = {
			isa = PBXGroup;
			children = (
				18F301B1202D72EE00A96C68 /* ASIDataCompressor.m */,
				18F301B2202D72EE00A96C68 /* Reachability.m */,
				18F301B3202D72EE00A96C68 /* ASIHTTPRequest.m */,
				18F301B4202D72EE00A96C68 /* ASIHTTPRequestDelegate.h */,
				18F301B5202D72EE00A96C68 /* ASINetworkQueue.h */,
				18F301B6202D72EE00A96C68 /* ASIFormDataRequest.m */,
				18F301B7202D72EE00A96C68 /* ASIHTTPRequestConfig.h */,
				18F301B8202D72EE00A96C68 /* ASIDataDecompressor.m */,
				18F301B9202D72EE00A96C68 /* ASIAuthenticationDialog.m */,
				18F301BA202D72EE00A96C68 /* ASIInputStream.m */,
				18F301BB202D72EE00A96C68 /* ASIDownloadCache.h */,
				18F301BC202D72EE00A96C68 /* ASIHTTPRequest.h */,
				18F301BD202D72EE00A96C68 /* ASICacheDelegate.h */,
				18F301BE202D72EE00A96C68 /* Reachability.h */,
				18F301BF202D72EE00A96C68 /* ASIDataCompressor.h */,
				18F301C0202D72EE00A96C68 /* ASIProgressDelegate.h */,
				18F301C1202D72EE00A96C68 /* ASIFormDataRequest.h */,
				18F301C2202D72EE00A96C68 /* ASINetworkQueue.m */,
				18F301C3202D72EE00A96C68 /* ASIDataDecompressor.h */,
				18F301C4202D72EE00A96C68 /* ASIDownloadCache.m */,
				18F301C5202D72EE00A96C68 /* ASIInputStream.h */,
				18F301C6202D72EE00A96C68 /* ASIAuthenticationDialog.h */,
			);
			path = ASIHttpClasses;
			sourceTree = "<group>";
		};
/* End PBXGroup section */

/* Begin PBXNativeTarget section */
		1869F476202982E60031FB48 /* Divine2Logic */ = {
			isa = PBXNativeTarget;
			buildConfigurationList = 1869F4A3202982E60031FB48 /* Build configuration list for PBXNativeTarget "Divine2Logic" */;
			buildPhases = (
				1869F473202982E60031FB48 /* Sources */,
				1869F474202982E60031FB48 /* Frameworks */,
				1869F475202982E60031FB48 /* Resources */,
			);
			buildRules = (
			);
			dependencies = (
			);
			name = Divine2Logic;
			productName = Divine2Logic;
			productReference = 1869F477202982E60031FB48 /* Divine2Logic.app */;
			productType = "com.apple.product-type.application";
		};
		1869F48E202982E60031FB48 /* Divine2LogicTests */ = {
			isa = PBXNativeTarget;
			buildConfigurationList = 1869F4A6202982E60031FB48 /* Build configuration list for PBXNativeTarget "Divine2LogicTests" */;
			buildPhases = (
				1869F48B202982E60031FB48 /* Sources */,
				1869F48C202982E60031FB48 /* Frameworks */,
				1869F48D202982E60031FB48 /* Resources */,
			);
			buildRules = (
			);
			dependencies = (
				1869F491202982E60031FB48 /* PBXTargetDependency */,
			);
			name = Divine2LogicTests;
			productName = Divine2LogicTests;
			productReference = 1869F48F202982E60031FB48 /* Divine2LogicTests.xctest */;
			productType = "com.apple.product-type.bundle.unit-test";
		};
		1869F499202982E60031FB48 /* Divine2LogicUITests */ = {
			isa = PBXNativeTarget;
			buildConfigurationList = 1869F4A9202982E60031FB48 /* Build configuration list for PBXNativeTarget "Divine2LogicUITests" */;
			buildPhases = (
				1869F496202982E60031FB48 /* Sources */,
				1869F497202982E60031FB48 /* Frameworks */,
				1869F498202982E60031FB48 /* Resources */,
			);
			buildRules = (
			);
			dependencies = (
				1869F49C202982E60031FB48 /* PBXTargetDependency */,
			);
			name = Divine2LogicUITests;
			productName = Divine2LogicUITests;
			productReference = 1869F49A202982E60031FB48 /* Divine2LogicUITests.xctest */;
			productType = "com.apple.product-type.bundle.ui-testing";
		};
/* End PBXNativeTarget section */

/* Begin PBXProject section */
		1869F46F202982E60031FB48 /* Project object */ = {
			isa = PBXProject;
			attributes = {
				LastUpgradeCheck = 0920;
				ORGANIZATIONNAME = Rtstl;
				TargetAttributes = {
					1869F476202982E60031FB48 = {
						CreatedOnToolsVersion = 9.2;
						ProvisioningStyle = Automatic;
					};
					1869F48E202982E60031FB48 = {
						CreatedOnToolsVersion = 9.2;
						ProvisioningStyle = Automatic;
						TestTargetID = 1869F476202982E60031FB48;
					};
					1869F499202982E60031FB48 = {
						CreatedOnToolsVersion = 9.2;
						ProvisioningStyle = Automatic;
						TestTargetID = 1869F476202982E60031FB48;
					};
				};
			};
			buildConfigurationList = 1869F472202982E60031FB48 /* Build configuration list for PBXProject "Divine2Logic" */;
			compatibilityVersion = "Xcode 8.0";
			developmentRegion = en;
			hasScannedForEncodings = 0;
			knownRegions = (
				en,
				Base,
			);
			mainGroup = 1869F46E202982E60031FB48;
			productRefGroup = 1869F478202982E60031FB48 /* Products */;
			projectDirPath = "";
			projectRoot = "";
			targets = (
				1869F476202982E60031FB48 /* Divine2Logic */,
				1869F48E202982E60031FB48 /* Divine2LogicTests */,
				1869F499202982E60031FB48 /* Divine2LogicUITests */,
			);
		};
/* End PBXProject section */

/* Begin PBXResourcesBuildPhase section */
		1869F475202982E60031FB48 /* Resources */ = {
			isa = PBXResourcesBuildPhase;
			buildActionMask = 2147483647;
			files = (
				1869F487202982E60031FB48 /* LaunchScreen.storyboard in Resources */,
				1869F484202982E60031FB48 /* Assets.xcassets in Resources */,
				1869F482202982E60031FB48 /* Main.storyboard in Resources */,
			);
			runOnlyForDeploymentPostprocessing = 0;
		};
		1869F48D202982E60031FB48 /* Resources */ = {
			isa = PBXResourcesBuildPhase;
			buildActionMask = 2147483647;
			files = (
			);
			runOnlyForDeploymentPostprocessing = 0;
		};
		1869F498202982E60031FB48 /* Resources */ = {
			isa = PBXResourcesBuildPhase;
			buildActionMask = 2147483647;
			files = (
			);
			runOnlyForDeploymentPostprocessing = 0;
		};
/* End PBXResourcesBuildPhase section */

/* Begin PBXSourcesBuildPhase section */
		1869F473202982E60031FB48 /* Sources */ = {
			isa = PBXSourcesBuildPhase;
			buildActionMask = 2147483647;
			files = (
				1501A42B20511690007715E8 /* SDWebImageDownloader.m in Sources */,
				1501A41E20511690007715E8 /* UIImage+GIF.m in Sources */,
				18F301C7202D72EE00A96C68 /* ASIDataCompressor.m in Sources */,
				15F5BEBC204FEE20008DB266 /* KeychainItemWrapper.m in Sources */,
				1501A42620511690007715E8 /* SDWebImageManager.m in Sources */,
				1869F4B320298D5B0031FB48 /* LoginViewController.m in Sources */,
				18F301CA202D72EE00A96C68 /* ASIFormDataRequest.m in Sources */,
				18FE4096204032A0003EE3E6 /* CustomButton.m in Sources */,
				18F151D8203166860012F585 /* ProfileTableViewCell.m in Sources */,
				1869F4C52029C6610031FB48 /* RegistrationViewController.m in Sources */,
				1501A41C20511690007715E8 /* SDImageCache.m in Sources */,
				181D9BE320354AAF008A78F2 /* ResetPasswordViewController.m in Sources */,
				1501A42320511690007715E8 /* UIImageView+WebCache.m in Sources */,
				18F301CD202D72EE00A96C68 /* ASIInputStream.m in Sources */,
				1501A41F20511690007715E8 /* SDWebImageCompat.m in Sources */,
				15F5BEB7204FE89D008DB266 /* KFKeychain.m in Sources */,
				1501A42720511690007715E8 /* SDWebImagePrefetcher.m in Sources */,
				18F301C8202D72EE00A96C68 /* Reachability.m in Sources */,
				1802D4BC203D6E420025DF8F /* EditProfileViewController.m in Sources */,
				18F301D8202D731D00A96C68 /* MMCommon.m in Sources */,
				1501A42120511690007715E8 /* UIView+WebCacheOperation.m in Sources */,
				18021432203C46F100E909E7 /* CategoryListingTableViewCell.m in Sources */,
				18F301D7202D731D00A96C68 /* GlobalStore.m in Sources */,
				1501A41D20511690007715E8 /* UIImage+MultiFormat.m in Sources */,
				18F0028D202C4ECA00FABCC4 /* ProfileViewController.m in Sources */,
				18F301C9202D72EE00A96C68 /* ASIHTTPRequest.m in Sources */,
				1501A42920511690007715E8 /* UIButton+WebCache.m in Sources */,
				1501A42420511690007715E8 /* MKAnnotationView+WebCache.m in Sources */,
				18F301CC202D72EE00A96C68 /* ASIAuthenticationDialog.m in Sources */,
				1869F47F202982E60031FB48 /* ViewController.m in Sources */,
				1501A42520511690007715E8 /* SDWebImageDownloaderOperation.m in Sources */,
				18F00286202C49A000FABCC4 /* DashboardViewController.m in Sources */,
				1501A42820511690007715E8 /* SDWebImageDecoder.m in Sources */,
				1869F48A202982E60031FB48 /* main.m in Sources */,
				1869F4C22029C64A0031FB48 /* ForgotPasswordViewController.m in Sources */,
				18F301CB202D72EE00A96C68 /* ASIDataDecompressor.m in Sources */,
				18F301CF202D72EE00A96C68 /* ASIDownloadCache.m in Sources */,
				1501A42A20511690007715E8 /* UIImage+WebP.m in Sources */,
				18F00291202C6BFC00FABCC4 /* CartViewController.m in Sources */,
				15F5BEBD204FEE20008DB266 /* VendorID.m in Sources */,
				18F301CE202D72EE00A96C68 /* ASINetworkQueue.m in Sources */,
				1501A42220511690007715E8 /* NSData+ImageContentType.m in Sources */,
				1802142F203BEB1F00E909E7 /* ConfirmRegistrationViewController.m in Sources */,
				1501A42020511690007715E8 /* UIImageView+HighlightedWebCache.m in Sources */,
				1869F47C202982E60031FB48 /* AppDelegate.m in Sources */,
			);
			runOnlyForDeploymentPostprocessing = 0;
		};
		1869F48B202982E60031FB48 /* Sources */ = {
			isa = PBXSourcesBuildPhase;
			buildActionMask = 2147483647;
			files = (
				1869F494202982E60031FB48 /* Divine2LogicTests.m in Sources */,
			);
			runOnlyForDeploymentPostprocessing = 0;
		};
		1869F496202982E60031FB48 /* Sources */ = {
			isa = PBXSourcesBuildPhase;
			buildActionMask = 2147483647;
			files = (
				1869F49F202982E60031FB48 /* Divine2LogicUITests.m in Sources */,
			);
			runOnlyForDeploymentPostprocessing = 0;
		};
/* End PBXSourcesBuildPhase section */

/* Begin PBXTargetDependency section */
		1869F491202982E60031FB48 /* PBXTargetDependency */ = {
			isa = PBXTargetDependency;
			target = 1869F476202982E60031FB48 /* Divine2Logic */;
			targetProxy = 1869F490202982E60031FB48 /* PBXContainerItemProxy */;
		};
		1869F49C202982E60031FB48 /* PBXTargetDependency */ = {
			isa = PBXTargetDependency;
			target = 1869F476202982E60031FB48 /* Divine2Logic */;
			targetProxy = 1869F49B202982E60031FB48 /* PBXContainerItemProxy */;
		};
/* End PBXTargetDependency section */

/* Begin PBXVariantGroup section */
		1869F480202982E60031FB48 /* Main.storyboard */ = {
			isa = PBXVariantGroup;
			children = (
				1869F481202982E60031FB48 /* Base */,
			);
			name = Main.storyboard;
			sourceTree = "<group>";
		};
		1869F485202982E60031FB48 /* LaunchScreen.storyboard */ = {
			isa = PBXVariantGroup;
			children = (
				1869F486202982E60031FB48 /* Base */,
			);
			name = LaunchScreen.storyboard;
			sourceTree = "<group>";
		};
/* End PBXVariantGroup section */

/* Begin XCBuildConfiguration section */
		1869F4A1202982E60031FB48 /* Debug */ = {
			isa = XCBuildConfiguration;
			buildSettings = {
				ALWAYS_SEARCH_USER_PATHS = NO;
				CLANG_ANALYZER_NONNULL = YES;
				CLANG_ANALYZER_NUMBER_OBJECT_CONVERSION = YES_AGGRESSIVE;
				CLANG_CXX_LANGUAGE_STANDARD = "gnu++14";
				CLANG_CXX_LIBRARY = "libc++";
				CLANG_ENABLE_MODULES = YES;
				CLANG_ENABLE_OBJC_ARC = YES;
				CLANG_WARN_BLOCK_CAPTURE_AUTORELEASING = YES;
				CLANG_WARN_BOOL_CONVERSION = YES;
				CLANG_WARN_COMMA = YES;
				CLANG_WARN_CONSTANT_CONVERSION = YES;
				CLANG_WARN_DIRECT_OBJC_ISA_USAGE = YES_ERROR;
				CLANG_WARN_DOCUMENTATION_COMMENTS = YES;
				CLANG_WARN_EMPTY_BODY = YES;
				CLANG_WARN_ENUM_CONVERSION = YES;
				CLANG_WARN_INFINITE_RECURSION = YES;
				CLANG_WARN_INT_CONVERSION = YES;
				CLANG_WARN_NON_LITERAL_NULL_CONVERSION = YES;
				CLANG_WARN_OBJC_LITERAL_CONVERSION = YES;
				CLANG_WARN_OBJC_ROOT_CLASS = YES_ERROR;
				CLANG_WARN_RANGE_LOOP_ANALYSIS = YES;
				CLANG_WARN_STRICT_PROTOTYPES = YES;
				CLANG_WARN_SUSPICIOUS_MOVE = YES;
				CLANG_WARN_UNGUARDED_AVAILABILITY = YES_AGGRESSIVE;
				CLANG_WARN_UNREACHABLE_CODE = YES;
				CLANG_WARN__DUPLICATE_METHOD_MATCH = YES;
				CODE_SIGN_IDENTITY = "iPhone Developer";
				COPY_PHASE_STRIP = NO;
				DEBUG_INFORMATION_FORMAT = dwarf;
				ENABLE_STRICT_OBJC_MSGSEND = YES;
				ENABLE_TESTABILITY = YES;
				GCC_C_LANGUAGE_STANDARD = gnu11;
				GCC_DYNAMIC_NO_PIC = NO;
				GCC_NO_COMMON_BLOCKS = YES;
				GCC_OPTIMIZATION_LEVEL = 0;
				GCC_PREPROCESSOR_DEFINITIONS = (
					"DEBUG=1",
					"$(inherited)",
				);
				GCC_WARN_64_TO_32_BIT_CONVERSION = YES;
				GCC_WARN_ABOUT_RETURN_TYPE = YES_ERROR;
				GCC_WARN_UNDECLARED_SELECTOR = YES;
				GCC_WARN_UNINITIALIZED_AUTOS = YES_AGGRESSIVE;
				GCC_WARN_UNUSED_FUNCTION = YES;
				GCC_WARN_UNUSED_VARIABLE = YES;
				IPHONEOS_DEPLOYMENT_TARGET = 9.3;
				MTL_ENABLE_DEBUG_INFO = YES;
				ONLY_ACTIVE_ARCH = YES;
				SDKROOT = iphoneos;
			};
			name = Debug;
		};
		1869F4A2202982E60031FB48 /* Release */ = {
			isa = XCBuildConfiguration;
			buildSettings = {
				ALWAYS_SEARCH_USER_PATHS = NO;
				CLANG_ANALYZER_NONNULL = YES;
				CLANG_ANALYZER_NUMBER_OBJECT_CONVERSION = YES_AGGRESSIVE;
				CLANG_CXX_LANGUAGE_STANDARD = "gnu++14";
				CLANG_CXX_LIBRARY = "libc++";
				CLANG_ENABLE_MODULES = YES;
				CLANG_ENABLE_OBJC_ARC = YES;
				CLANG_WARN_BLOCK_CAPTURE_AUTORELEASING = YES;
				CLANG_WARN_BOOL_CONVERSION = YES;
				CLANG_WARN_COMMA = YES;
				CLANG_WARN_CONSTANT_CONVERSION = YES;
				CLANG_WARN_DIRECT_OBJC_ISA_USAGE = YES_ERROR;
				CLANG_WARN_DOCUMENTATION_COMMENTS = YES;
				CLANG_WARN_EMPTY_BODY = YES;
				CLANG_WARN_ENUM_CONVERSION = YES;
				CLANG_WARN_INFINITE_RECURSION = YES;
				CLANG_WARN_INT_CONVERSION = YES;
				CLANG_WARN_NON_LITERAL_NULL_CONVERSION = YES;
				CLANG_WARN_OBJC_LITERAL_CONVERSION = YES;
				CLANG_WARN_OBJC_ROOT_CLASS = YES_ERROR;
				CLANG_WARN_RANGE_LOOP_ANALYSIS = YES;
				CLANG_WARN_STRICT_PROTOTYPES = YES;
				CLANG_WARN_SUSPICIOUS_MOVE = YES;
				CLANG_WARN_UNGUARDED_AVAILABILITY = YES_AGGRESSIVE;
				CLANG_WARN_UNREACHABLE_CODE = YES;
				CLANG_WARN__DUPLICATE_METHOD_MATCH = YES;
				CODE_SIGN_IDENTITY = "iPhone Developer";
				COPY_PHASE_STRIP = NO;
				DEBUG_INFORMATION_FORMAT = "dwarf-with-dsym";
				ENABLE_NS_ASSERTIONS = NO;
				ENABLE_STRICT_OBJC_MSGSEND = YES;
				GCC_C_LANGUAGE_STANDARD = gnu11;
				GCC_NO_COMMON_BLOCKS = YES;
				GCC_WARN_64_TO_32_BIT_CONVERSION = YES;
				GCC_WARN_ABOUT_RETURN_TYPE = YES_ERROR;
				GCC_WARN_UNDECLARED_SELECTOR = YES;
				GCC_WARN_UNINITIALIZED_AUTOS = YES_AGGRESSIVE;
				GCC_WARN_UNUSED_FUNCTION = YES;
				GCC_WARN_UNUSED_VARIABLE = YES;
				IPHONEOS_DEPLOYMENT_TARGET = 9.3;
				MTL_ENABLE_DEBUG_INFO = NO;
				SDKROOT = iphoneos;
				VALIDATE_PRODUCT = YES;
			};
			name = Release;
		};
		1869F4A4202982E60031FB48 /* Debug */ = {
			isa = XCBuildConfiguration;
			buildSettings = {
				ASSETCATALOG_COMPILER_APPICON_NAME = AppIcon;
				CODE_SIGN_IDENTITY = "iPhone Developer";
				"CODE_SIGN_IDENTITY[sdk=iphoneos*]" = "iPhone Developer";
				CODE_SIGN_STYLE = Automatic;
				DEVELOPMENT_TEAM = 3F77FQU5PQ;
				INFOPLIST_FILE = Divine2Logic/Info.plist;
				IPHONEOS_DEPLOYMENT_TARGET = 9.3;
				LD_RUNPATH_SEARCH_PATHS = "$(inherited) @executable_path/Frameworks";
				PRODUCT_BUNDLE_IDENTIFIER = com.rtstl.Divine2Logic;
				PRODUCT_NAME = "$(TARGET_NAME)";
				PROVISIONING_PROFILE_SPECIFIER = "";
				TARGETED_DEVICE_FAMILY = 1;
			};
			name = Debug;
		};
		1869F4A5202982E60031FB48 /* Release */ = {
			isa = XCBuildConfiguration;
			buildSettings = {
				ASSETCATALOG_COMPILER_APPICON_NAME = AppIcon;
				CODE_SIGN_IDENTITY = "iPhone Developer";
				"CODE_SIGN_IDENTITY[sdk=iphoneos*]" = "iPhone Developer";
				CODE_SIGN_STYLE = Automatic;
				DEVELOPMENT_TEAM = 3F77FQU5PQ;
				INFOPLIST_FILE = Divine2Logic/Info.plist;
				IPHONEOS_DEPLOYMENT_TARGET = 9.3;
				LD_RUNPATH_SEARCH_PATHS = "$(inherited) @executable_path/Frameworks";
				PRODUCT_BUNDLE_IDENTIFIER = com.rtstl.Divine2Logic;
				PRODUCT_NAME = "$(TARGET_NAME)";
				PROVISIONING_PROFILE_SPECIFIER = "";
				TARGETED_DEVICE_FAMILY = 1;
			};
			name = Release;
		};
		1869F4A7202982E60031FB48 /* Debug */ = {
			isa = XCBuildConfiguration;
			buildSettings = {
				BUNDLE_LOADER = "$(TEST_HOST)";
				CODE_SIGN_STYLE = Automatic;
				DEVELOPMENT_TEAM = LMTWU377P3;
				INFOPLIST_FILE = Divine2LogicTests/Info.plist;
				LD_RUNPATH_SEARCH_PATHS = "$(inherited) @executable_path/Frameworks @loader_path/Frameworks";
				PRODUCT_BUNDLE_IDENTIFIER = com.rtstl.Divine2LogicTests;
				PRODUCT_NAME = "$(TARGET_NAME)";
				TARGETED_DEVICE_FAMILY = "1,2";
				TEST_HOST = "$(BUILT_PRODUCTS_DIR)/Divine2Logic.app/Divine2Logic";
			};
			name = Debug;
		};
		1869F4A8202982E60031FB48 /* Release */ = {
			isa = XCBuildConfiguration;
			buildSettings = {
				BUNDLE_LOADER = "$(TEST_HOST)";
				CODE_SIGN_STYLE = Automatic;
				DEVELOPMENT_TEAM = LMTWU377P3;
				INFOPLIST_FILE = Divine2LogicTests/Info.plist;
				LD_RUNPATH_SEARCH_PATHS = "$(inherited) @executable_path/Frameworks @loader_path/Frameworks";
				PRODUCT_BUNDLE_IDENTIFIER = com.rtstl.Divine2LogicTests;
				PRODUCT_NAME = "$(TARGET_NAME)";
				TARGETED_DEVICE_FAMILY = "1,2";
				TEST_HOST = "$(BUILT_PRODUCTS_DIR)/Divine2Logic.app/Divine2Logic";
			};
			name = Release;
		};
		1869F4AA202982E60031FB48 /* Debug */ = {
			isa = XCBuildConfiguration;
			buildSettings = {
				CODE_SIGN_STYLE = Automatic;
				DEVELOPMENT_TEAM = LMTWU377P3;
				INFOPLIST_FILE = Divine2LogicUITests/Info.plist;
				LD_RUNPATH_SEARCH_PATHS = "$(inherited) @executable_path/Frameworks @loader_path/Frameworks";
				PRODUCT_BUNDLE_IDENTIFIER = com.rtstl.Divine2LogicUITests;
				PRODUCT_NAME = "$(TARGET_NAME)";
				TARGETED_DEVICE_FAMILY = "1,2";
				TEST_TARGET_NAME = Divine2Logic;
			};
			name = Debug;
		};
		1869F4AB202982E60031FB48 /* Release */ = {
			isa = XCBuildConfiguration;
			buildSettings = {
				CODE_SIGN_STYLE = Automatic;
				DEVELOPMENT_TEAM = LMTWU377P3;
				INFOPLIST_FILE = Divine2LogicUITests/Info.plist;
				LD_RUNPATH_SEARCH_PATHS = "$(inherited) @executable_path/Frameworks @loader_path/Frameworks";
				PRODUCT_BUNDLE_IDENTIFIER = com.rtstl.Divine2LogicUITests;
				PRODUCT_NAME = "$(TARGET_NAME)";
				TARGETED_DEVICE_FAMILY = "1,2";
				TEST_TARGET_NAME = Divine2Logic;
			};
			name = Release;
		};
/* End XCBuildConfiguration section */

/* Begin XCConfigurationList section */
		1869F472202982E60031FB48 /* Build configuration list for PBXProject "Divine2Logic" */ = {
			isa = XCConfigurationList;
			buildConfigurations = (
				1869F4A1202982E60031FB48 /* Debug */,
				1869F4A2202982E60031FB48 /* Release */,
			);
			defaultConfigurationIsVisible = 0;
			defaultConfigurationName = Release;
		};
		1869F4A3202982E60031FB48 /* Build configuration list for PBXNativeTarget "Divine2Logic" */ = {
			isa = XCConfigurationList;
			buildConfigurations = (
				1869F4A4202982E60031FB48 /* Debug */,
				1869F4A5202982E60031FB48 /* Release */,
			);
			defaultConfigurationIsVisible = 0;
			defaultConfigurationName = Release;
		};
		1869F4A6202982E60031FB48 /* Build configuration list for PBXNativeTarget "Divine2LogicTests" */ = {
			isa = XCConfigurationList;
			buildConfigurations = (
				1869F4A7202982E60031FB48 /* Debug */,
				1869F4A8202982E60031FB48 /* Release */,
			);
			defaultConfigurationIsVisible = 0;
			defaultConfigurationName = Release;
		};
		1869F4A9202982E60031FB48 /* Build configuration list for PBXNativeTarget "Divine2LogicUITests" */ = {
			isa = XCConfigurationList;
			buildConfigurations = (
				1869F4AA202982E60031FB48 /* Debug */,
				1869F4AB202982E60031FB48 /* Release */,
			);
			defaultConfigurationIsVisible = 0;
			defaultConfigurationName = Release;
		};
/* End XCConfigurationList section */
	};
	rootObject = 1869F46F202982E60031FB48 /* Project object */;
}
